
Microsoft Visual Studio Solution File, Format Version 12.00
# Visual Studio Version 17
VisualStudioVersion = 17.4.32916.344
MinimumVisualStudioVersion = 10.0.40219.1
Project("{FAE04EC0-301F-11D3-BF4B-00C04F79EFBC}") = "Exc2", "Exc2\Exc2.csproj", "{36D5169F-F151-4E78-9E3A-DCBFD2AB6C42}"
EndProject
Global
	GlobalSection(SolutionConfigurationPlatforms) = preSolution
		Debug|Any CPU = Debug|Any CPU
		Release|Any CPU = Release|Any CPU
	EndGlobalSection
	GlobalSection(ProjectConfigurationPlatforms) = postSolution
		{36D5169F-F151-4E78-9E3A-DCBFD2AB6C42}.Debug|Any CPU.ActiveCfg = Debug|Any CPU
		{36D5169F-F151-4E78-9E3A-DCBFD2AB6C42}.Debug|Any CPU.Build.0 = Debug|Any CPU
		{36D5169F-F151-4E78-9E3A-DCBFD2AB6C42}.Release|Any CPU.ActiveCfg = Release|Any CPU
		{36D5169F-F151-4E78-9E3A-DCBFD2AB6C42}.Release|Any CPU.Build.0 = Release|Any CPU
	EndGlobalSection
	GlobalSection(SolutionProperties) = preSolution
		HideSolutionNode = FALSE
	EndGlobalSection
	GlobalSection(ExtensibilityGlobals) = postSolution
		SolutionGuid = {CD49FCFE-8371-4A93-8627-98A7F6689072}
	EndGlobalSection
EndGlobal
